
Microsoft Visual Studio Solution File, Format Version 12.00
# Visual Studio Version 17
VisualStudioVersion = 17.8.34330.188
MinimumVisualStudioVersion = 10.0.40219.1
Project("{888888A0-9F3D-457C-B088-3A5042F75D52}") = "Rectangle", "Rectangle\Rectangle.pyproj", "{F4039B10-29DA-4CB3-B718-FE4D025F3084}"
EndProject
Global
	GlobalSection(SolutionConfigurationPlatforms) = preSolution
		Debug|Any CPU = Debug|Any CPU
		Release|Any CPU = Release|Any CPU
	EndGlobalSection
	GlobalSection(ProjectConfigurationPlatforms) = postSolution
		{F4039B10-29DA-4CB3-B718-FE4D025F3084}.Debug|Any CPU.ActiveCfg = Debug|Any CPU
		{F4039B10-29DA-4CB3-B718-FE4D025F3084}.Release|Any CPU.ActiveCfg = Release|Any CPU
	EndGlobalSection
	GlobalSection(SolutionProperties) = preSolution
		HideSolutionNode = FALSE
	EndGlobalSection
	GlobalSection(ExtensibilityGlobals) = postSolution
		SolutionGuid = {E6F0483F-C732-443A-87C6-9B52616407DD}
	EndGlobalSection
EndGlobal
